{
  "requires": true,
  "lockfileVersion": 1,
  "dependencies": {
    "@panzoom/panzoom": {
      "version": "4.0.0",
      "resolved": "https://registry.npmjs.org/@panzoom/panzoom/-/panzoom-4.0.0.tgz",
      "integrity": "sha512-x7kVh6NxR+yyzyxMe+m0X4JdzU58HS06UU1zQjOQmLAWs0Ln99k/bMPfcHnQO4vBihgr6JSHEVPJ4axAsw6RTA==",
      "requires": {
        "marked": ">=0.7.0"
      }
    },
    "jquery": {
      "version": "3.4.1",
      "resolved": "https://registry.npmjs.org/jquery/-/jquery-3.4.1.tgz",
      "integrity": "sha512-36+AdBzCL+y6qjw5Tx7HgzeGCzC81MDDgaUP8ld2zhx58HdqXGoBd+tHdrBMiyjGQs0Hxs/MLZTu/eHNJJuWPw=="
    },
    "jquery-ui-dist": {
      "version": "1.12.1",
      "resolved": "https://registry.npmjs.org/jquery-ui-dist/-/jquery-ui-dist-1.12.1.tgz",
      "integrity": "sha1-XAgV08xvkP9fqvWyaKbiO0ypBPo="
    },
    "jquery-ui-touch-punch": {
      "version": "0.2.3",
      "resolved": "https://registry.npmjs.org/jquery-ui-touch-punch/-/jquery-ui-touch-punch-0.2.3.tgz",
      "integrity": "sha1-7tgiQnM7okP0az6HwYQbMIGR2mg="
    },
    "marked": {
      "version": "0.8.0",
      "resolved": "https://registry.npmjs.org/marked/-/marked-0.8.0.tgz",
      "integrity": "sha512-MyUe+T/Pw4TZufHkzAfDj6HarCBWia2y27/bhuYkTaiUnfDYFnCP3KUN+9oM7Wi6JA2rymtVYbQu3spE0GCmxQ=="
    },
    "vis-network": {
      "version": "6.3.1",
      "resolved": "https://registry.npmjs.org/vis-network/-/vis-network-6.3.1.tgz",
      "integrity": "sha512-i8QT5i0vfJGI3S7W/kKTcPzxYhDu/EtXgyv1ew5eb1H5VBoxB3QldRsrvZpzNYgCaYoto9/LAhAKIHZJins9Hg=="
    }
  }
}
